Microsoft Visual Studio Solution File, Format Version 9.00
# Visual Studio 2005
Project("{8BC9CEB8-8B4A-11D0-8D11-00A0C91BC942}") = "DI_Adaptive", "..\PLUGINS\DI_Adaptive\DI_Adaptive2005.vcproj", "{454FB767-448C-4F85-9830-2906FE5F4C7A}"
EndProject
Project("{8BC9CEB8-8B4A-11D0-8D11-00A0C91BC942}") = "DI_BlendedClip", "..\Plugins\DI_BlendedClip\DI_BlendedClip2005.vcproj", "{2F9AF3C5-AEA3-4EEA-A4CF-9D4B825AF51F}"
EndProject
Project("{8BC9CEB8-8B4A-11D0-8D11-00A0C91BC942}") = "DI_Bob", "..\Plugins\DI_Bob\DI_Bob2005.vcproj", "{EAD803A2-490A-4428-9DDF-17956F1F1C66}"
EndProject
Project("{8BC9CEB8-8B4A-11D0-8D11-00A0C91BC942}") = "DI_EvenOnly", "..\Plugins\DI_EvenOnly\DI_EvenOnly2005.vcproj", "{8F886664-F7B6-4444-ACF9-3E567D86115E}"
EndProject
Project("{8BC9CEB8-8B4A-11D0-8D11-00A0C91BC942}") = "DI_Greedy", "..\Plugins\DI_Greedy\DI_Greedy2005.vcproj", "{0EA8DA54-B54A-4532-AAFB-B408D0B47841}"
EndProject
Project("{8BC9CEB8-8B4A-11D0-8D11-00A0C91BC942}") = "DI_Greedy2Frame", "..\Plugins\DI_Greedy2Frame\DI_Greedy2Frame2005.vcproj", "{E87D1F65-7BA7-41DB-88AC-F67CE7A6C99A}"
EndProject
Project("{8BC9CEB8-8B4A-11D0-8D11-00A0C91BC942}") = "DI_GreedyH", "..\Plugins\DI_GreedyH\DI_GreedyH2005.vcproj", "{FCEB20D5-822B-4605-BB6F-5AAE193AD152}"
EndProject
Project("{8BC9CEB8-8B4A-11D0-8D11-00A0C91BC942}") = "DI_MoComp2", "..\Plugins\DI_MoComp2\DI_MoComp22005.vcproj", "{9C4FBDCD-5CE2-4531-A7C0-594613FAEE6B}"
EndProject
Project("{8BC9CEB8-8B4A-11D0-8D11-00A0C91BC942}") = "DI_OddOnly", "..\Plugins\DI_OddOnly\DI_OddOnly2005.vcproj", "{3C6DEBC3-E517-4D15-8506-C8C62E6EED8E}"
EndProject
Project("{8BC9CEB8-8B4A-11D0-8D11-00A0C91BC942}") = "DI_OldGame", "..\Plugins\DI_OldGame\DI_OldGame2005.vcproj", "{E1F85A2C-71BA-4158-B46D-EDCEC531614E}"
EndProject
Project("{8BC9CEB8-8B4A-11D0-8D11-00A0C91BC942}") = "DI_ScalerBob", "..\Plugins\DI_ScalerBob\DI_ScalerBob2005.vcproj", "{76EF7E3B-4B8D-41CF-9137-7F79A67CAB90}"
EndProject
Project("{8BC9CEB8-8B4A-11D0-8D11-00A0C91BC942}") = "DI_TomsMoComp", "..\Plugins\DI_TomsMoComp\DI_TomsMoComp2005.vcproj", "{945DE5B3-50F7-4299-8C37-3DEDC92BECA8}"
EndProject
Project("{8BC9CEB8-8B4A-11D0-8D11-00A0C91BC942}") = "DI_TwoFrame", "..\Plugins\DI_TwoFrame\DI_TwoFrame2005.vcproj", "{C3BC0BE3-F873-42E9-BD57-89ED23BAF02D}"
EndProject
Project("{8BC9CEB8-8B4A-11D0-8D11-00A0C91BC942}") = "DI_VideoBob", "..\Plugins\DI_VideoBob\DI_VideoBob2005.vcproj", "{8A80C871-BAEA-48F2-B7B1-45D2A52194ED}"
EndProject
Project("{8BC9CEB8-8B4A-11D0-8D11-00A0C91BC942}") = "DI_VideoWeave", "..\Plugins\DI_VideoWeave\DI_VideoWeave2005.vcproj", "{71003E3E-2E0E-4C91-8CA6-F00E94CF51D3}"
EndProject
Project("{8BC9CEB8-8B4A-11D0-8D11-00A0C91BC942}") = "DI_Weave", "..\Plugins\DI_Weave\DI_Weave2005.vcproj", "{E788362B-057B-4FC5-A719-0A50D6CD7640}"
EndProject
Project("{8BC9CEB8-8B4A-11D0-8D11-00A0C91BC942}") = "DSRend", "..\..\DSRend\DSRend2005.vcproj", "{67222DDF-A530-4584-8270-6DCC9F781BFD}"
EndProject
Project("{8BC9CEB8-8B4A-11D0-8D11-00A0C91BC942}") = "DScaler", "DScaler2005.vcproj", "{C2EF590F-4085-4786-9361-83FC93CAC63E}"
	ProjectSection(ProjectDependencies) = postProject
		{8A910216-D2FF-422B-894B-6427C2E84502} = {8A910216-D2FF-422B-894B-6427C2E84502}
		{B79E6718-4A3B-4B63-9AF9-34EB3B4B6D5D} = {B79E6718-4A3B-4B63-9AF9-34EB3B4B6D5D}
		{B5F1BF2A-9619-4610-BE74-69D985FF10E6} = {B5F1BF2A-9619-4610-BE74-69D985FF10E6}
		{E788362B-057B-4FC5-A719-0A50D6CD7640} = {E788362B-057B-4FC5-A719-0A50D6CD7640}
		{E1F85A2C-71BA-4158-B46D-EDCEC531614E} = {E1F85A2C-71BA-4158-B46D-EDCEC531614E}
		{5581D72F-461A-477A-B3EF-10CDDF145F4E} = {5581D72F-461A-477A-B3EF-10CDDF145F4E}
		{76EF7E3B-4B8D-41CF-9137-7F79A67CAB90} = {76EF7E3B-4B8D-41CF-9137-7F79A67CAB90}
		{71003E3E-2E0E-4C91-8CA6-F00E94CF51D3} = {71003E3E-2E0E-4C91-8CA6-F00E94CF51D3}
		{57EF3E41-5127-4A3C-B524-C16CD68C42A9} = {57EF3E41-5127-4A3C-B524-C16CD68C42A9}
		{0A1BDB48-810A-4105-ABBC-28333AD3097C} = {0A1BDB48-810A-4105-ABBC-28333AD3097C}
		{33B89254-6682-4F79-9BA5-4048D278E48A} = {33B89254-6682-4F79-9BA5-4048D278E48A}
		{0EA8DA54-B54A-4532-AAFB-B408D0B47841} = {0EA8DA54-B54A-4532-AAFB-B408D0B47841}
		{2E72925C-53AC-460A-8D23-8B9713E641F9} = {2E72925C-53AC-460A-8D23-8B9713E641F9}
		{F7DCCC5D-E5C6-49DF-8B01-339D500E5E6C} = {F7DCCC5D-E5C6-49DF-8B01-339D500E5E6C}
		{8F886664-F7B6-4444-ACF9-3E567D86115E} = {8F886664-F7B6-4444-ACF9-3E567D86115E}
		{E87D1F65-7BA7-41DB-88AC-F67CE7A6C99A} = {E87D1F65-7BA7-41DB-88AC-F67CE7A6C99A}
		{454FB767-448C-4F85-9830-2906FE5F4C7A} = {454FB767-448C-4F85-9830-2906FE5F4C7A}
		{8A80C871-BAEA-48F2-B7B1-45D2A52194ED} = {8A80C871-BAEA-48F2-B7B1-45D2A52194ED}
		{5EDAFB73-90A7-4080-AD70-00098AC4AC82} = {5EDAFB73-90A7-4080-AD70-00098AC4AC82}
		{47741686-2EC4-4200-9F67-CB4247096AE5} = {47741686-2EC4-4200-9F67-CB4247096AE5}
		{CA11128F-D860-4252-A75D-6BDF95B66831} = {CA11128F-D860-4252-A75D-6BDF95B66831}
		{3573FC9A-52F5-4FEB-80C0-6F95EB3ABD61} = {3573FC9A-52F5-4FEB-80C0-6F95EB3ABD61}
		{A273AE9F-58F2-4476-9016-996C2861A94D} = {A273AE9F-58F2-4476-9016-996C2861A94D}
		{4B500EA0-BDE1-433C-B74B-06FD1A2DC48D} = {4B500EA0-BDE1-433C-B74B-06FD1A2DC48D}
		{EAD803A2-490A-4428-9DDF-17956F1F1C66} = {EAD803A2-490A-4428-9DDF-17956F1F1C66}
		{64182EA2-4BE1-473D-87B4-66A220384248} = {64182EA2-4BE1-473D-87B4-66A220384248}
		{817F7FA2-97A1-435F-9C2B-9B899C460305} = {817F7FA2-97A1-435F-9C2B-9B899C460305}
		{945DE5B3-50F7-4299-8C37-3DEDC92BECA8} = {945DE5B3-50F7-4299-8C37-3DEDC92BECA8}
		{290BFFBA-1916-4CE7-A828-80EDB3BEDEE6} = {290BFFBA-1916-4CE7-A828-80EDB3BEDEE6}
		{3C6DEBC3-E517-4D15-8506-C8C62E6EED8E} = {3C6DEBC3-E517-4D15-8506-C8C62E6EED8E}
		{2F9AF3C5-AEA3-4EEA-A4CF-9D4B825AF51F} = {2F9AF3C5-AEA3-4EEA-A4CF-9D4B825AF51F}
		{9C4FBDCD-5CE2-4531-A7C0-594613FAEE6B} = {9C4FBDCD-5CE2-4531-A7C0-594613FAEE6B}
		{FCEB20D5-822B-4605-BB6F-5AAE193AD152} = {FCEB20D5-822B-4605-BB6F-5AAE193AD152}
		{B29C1CDC-BD37-4017-BF87-7B63D391E1F7} = {B29C1CDC-BD37-4017-BF87-7B63D391E1F7}
		{67222DDF-A530-4584-8270-6DCC9F781BFD} = {67222DDF-A530-4584-8270-6DCC9F781BFD}
		{C3BC0BE3-F873-42E9-BD57-89ED23BAF02D} = {C3BC0BE3-F873-42E9-BD57-89ED23BAF02D}
		{346A70F2-41AA-4DC7-9E6D-23B62176DC4F} = {346A70F2-41AA-4DC7-9E6D-23B62176DC4F}
		{20622BFB-4B71-4BE2-9F3A-8381ADD55F04} = {20622BFB-4B71-4BE2-9F3A-8381ADD55F04}
	EndProjectSection
EndProject
Project("{8BC9CEB8-8B4A-11D0-8D11-00A0C91BC942}") = "DScalerRes", "..\DScalerRes\DScalerRes2005.vcproj", "{20622BFB-4B71-4BE2-9F3A-8381ADD55F04}"
EndProject
Project("{8BC9CEB8-8B4A-11D0-8D11-00A0C91BC942}") = "Disasm", "..\Disasm\Disasm2005.vcproj", "{33B89254-6682-4F79-9BA5-4048D278E48A}"
EndProject
Project("{8BC9CEB8-8B4A-11D0-8D11-00A0C91BC942}") = "FLT_AdaptiveNoise", "..\Plugins\FLT_AdaptiveNoise\FLT_AdaptiveNoise2005.vcproj", "{A273AE9F-58F2-4476-9016-996C2861A94D}"
EndProject
Project("{8BC9CEB8-8B4A-11D0-8D11-00A0C91BC942}") = "FLT_BlackWhite", "..\Plugins\FLT_BlackWhite\FLT_BlackWhite2005.vcproj", "{64182EA2-4BE1-473D-87B4-66A220384248}"
EndProject
Project("{8BC9CEB8-8B4A-11D0-8D11-00A0C91BC942}") = "FLT_Chroma", "..\Plugins\FLT_Chroma\FLT_Chroma2005.vcproj", "{2E72925C-53AC-460A-8D23-8B9713E641F9}"
EndProject
Project("{8BC9CEB8-8B4A-11D0-8D11-00A0C91BC942}") = "FLT_Colorimetry", "..\Plugins\FLT_Colorimetry\FLT_Colorimetry2005.vcproj", "{47741686-2EC4-4200-9F67-CB4247096AE5}"
EndProject
Project("{8BC9CEB8-8B4A-11D0-8D11-00A0C91BC942}") = "FLT_ColourInversion", "..\Plugins\FLT_ColourInversion\FLT_ColourInversion2005.vcproj", "{3573FC9A-52F5-4FEB-80C0-6F95EB3ABD61}"
EndProject
Project("{8BC9CEB8-8B4A-11D0-8D11-00A0C91BC942}") = "FLT_DScopeVIDEO", "..\Plugins\FLT_DScopeVIDEO\FLT_DScopeVIDEO2005.vcproj", "{0A1BDB48-810A-4105-ABBC-28333AD3097C}"
EndProject
Project("{8BC9CEB8-8B4A-11D0-8D11-00A0C91BC942}") = "FLT_Gamma", "..\Plugins\FLT_Gamma\FLT_Gamma2005.vcproj", "{8A910216-D2FF-422B-894B-6427C2E84502}"
EndProject
Project("{8BC9CEB8-8B4A-11D0-8D11-00A0C91BC942}") = "FLT_GradualNoise", "..\Plugins\FLT_GradualNoise\FLT_GradualNoise2005.vcproj", "{346A70F2-41AA-4DC7-9E6D-23B62176DC4F}"
EndProject
Project("{8BC9CEB8-8B4A-11D0-8D11-00A0C91BC942}") = "FLT_Histogram", "..\Plugins\FLT_Histogram\FLT_Histogram2005.vcproj", "{B79E6718-4A3B-4B63-9AF9-34EB3B4B6D5D}"
EndProject
Project("{8BC9CEB8-8B4A-11D0-8D11-00A0C91BC942}") = "FLT_LinearCorrection", "..\Plugins\FLT_LinearCorrection\FLT_LinearCorrection2005.vcproj", "{5EDAFB73-90A7-4080-AD70-00098AC4AC82}"
EndProject
Project("{8BC9CEB8-8B4A-11D0-8D11-00A0C91BC942}") = "FLT_LogoKill", "..\Plugins\FLT_LogoKill\FLT_LogoKill2005.vcproj", "{57EF3E41-5127-4A3C-B524-C16CD68C42A9}"
EndProject
Project("{8BC9CEB8-8B4A-11D0-8D11-00A0C91BC942}") = "FLT_LuminChromaShift", "..\Plugins\FLT_LuminChromaShift\FLT_LuminChromaShift2005.vcproj", "{5581D72F-461A-477A-B3EF-10CDDF145F4E}"
EndProject
Project("{8BC9CEB8-8B4A-11D0-8D11-00A0C91BC942}") = "FLT_Mirror", "..\PLUGINS\FLT_Mirror\FLT_Mirror2005.vcproj", "{4B500EA0-BDE1-433C-B74B-06FD1A2DC48D}"
EndProject
Project("{8BC9CEB8-8B4A-11D0-8D11-00A0C91BC942}") = "FLT_Sharpness", "..\Plugins\FLT_Sharpness\FLT_Sharpness2005.vcproj", "{290BFFBA-1916-4CE7-A828-80EDB3BEDEE6}"
EndProject
Project("{8BC9CEB8-8B4A-11D0-8D11-00A0C91BC942}") = "FLT_TNoise", "..\Plugins\FLT_TNoise\FLT_TNoise2005.vcproj", "{B29C1CDC-BD37-4017-BF87-7B63D391E1F7}"
EndProject
Project("{8BC9CEB8-8B4A-11D0-8D11-00A0C91BC942}") = "FLT_TemporalComb", "..\Plugins\FLT_TemporalComb\FLT_TemporalComb2005.vcproj", "{F7DCCC5D-E5C6-49DF-8B01-339D500E5E6C}"
EndProject
Project("{8BC9CEB8-8B4A-11D0-8D11-00A0C91BC942}") = "FreqExtract", "..\FreqExtract\FreqExtract2005.vcproj", "{8767E8F7-B4E6-4CAF-94D5-989BD734EEE4}"
EndProject
Project("{8BC9CEB8-8B4A-11D0-8D11-00A0C91BC942}") = "Mapconv", "..\Mapconv\Mapconv2005.vcproj", "{817F7FA2-97A1-435F-9C2B-9B899C460305}"
EndProject
Project("{8BC9CEB8-8B4A-11D0-8D11-00A0C91BC942}") = "PlugTest", "..\PlugTest\PlugTest2005.vcproj", "{6B322FA6-F4A0-4190-96F7-FBEDAC2D863E}"
	ProjectSection(ProjectDependencies) = postProject
		{8A910216-D2FF-422B-894B-6427C2E84502} = {8A910216-D2FF-422B-894B-6427C2E84502}
		{B79E6718-4A3B-4B63-9AF9-34EB3B4B6D5D} = {B79E6718-4A3B-4B63-9AF9-34EB3B4B6D5D}
		{E788362B-057B-4FC5-A719-0A50D6CD7640} = {E788362B-057B-4FC5-A719-0A50D6CD7640}
		{E1F85A2C-71BA-4158-B46D-EDCEC531614E} = {E1F85A2C-71BA-4158-B46D-EDCEC531614E}
		{76EF7E3B-4B8D-41CF-9137-7F79A67CAB90} = {76EF7E3B-4B8D-41CF-9137-7F79A67CAB90}
		{71003E3E-2E0E-4C91-8CA6-F00E94CF51D3} = {71003E3E-2E0E-4C91-8CA6-F00E94CF51D3}
		{57EF3E41-5127-4A3C-B524-C16CD68C42A9} = {57EF3E41-5127-4A3C-B524-C16CD68C42A9}
		{0EA8DA54-B54A-4532-AAFB-B408D0B47841} = {0EA8DA54-B54A-4532-AAFB-B408D0B47841}
		{2E72925C-53AC-460A-8D23-8B9713E641F9} = {2E72925C-53AC-460A-8D23-8B9713E641F9}
		{F7DCCC5D-E5C6-49DF-8B01-339D500E5E6C} = {F7DCCC5D-E5C6-49DF-8B01-339D500E5E6C}
		{8F886664-F7B6-4444-ACF9-3E567D86115E} = {8F886664-F7B6-4444-ACF9-3E567D86115E}
		{E87D1F65-7BA7-41DB-88AC-F67CE7A6C99A} = {E87D1F65-7BA7-41DB-88AC-F67CE7A6C99A}
		{454FB767-448C-4F85-9830-2906FE5F4C7A} = {454FB767-448C-4F85-9830-2906FE5F4C7A}
		{8A80C871-BAEA-48F2-B7B1-45D2A52194ED} = {8A80C871-BAEA-48F2-B7B1-45D2A52194ED}
		{5EDAFB73-90A7-4080-AD70-00098AC4AC82} = {5EDAFB73-90A7-4080-AD70-00098AC4AC82}
		{3573FC9A-52F5-4FEB-80C0-6F95EB3ABD61} = {3573FC9A-52F5-4FEB-80C0-6F95EB3ABD61}
		{A273AE9F-58F2-4476-9016-996C2861A94D} = {A273AE9F-58F2-4476-9016-996C2861A94D}
		{4B500EA0-BDE1-433C-B74B-06FD1A2DC48D} = {4B500EA0-BDE1-433C-B74B-06FD1A2DC48D}
		{EAD803A2-490A-4428-9DDF-17956F1F1C66} = {EAD803A2-490A-4428-9DDF-17956F1F1C66}
		{945DE5B3-50F7-4299-8C37-3DEDC92BECA8} = {945DE5B3-50F7-4299-8C37-3DEDC92BECA8}
		{290BFFBA-1916-4CE7-A828-80EDB3BEDEE6} = {290BFFBA-1916-4CE7-A828-80EDB3BEDEE6}
		{3C6DEBC3-E517-4D15-8506-C8C62E6EED8E} = {3C6DEBC3-E517-4D15-8506-C8C62E6EED8E}
		{2F9AF3C5-AEA3-4EEA-A4CF-9D4B825AF51F} = {2F9AF3C5-AEA3-4EEA-A4CF-9D4B825AF51F}
		{9C4FBDCD-5CE2-4531-A7C0-594613FAEE6B} = {9C4FBDCD-5CE2-4531-A7C0-594613FAEE6B}
		{FCEB20D5-822B-4605-BB6F-5AAE193AD152} = {FCEB20D5-822B-4605-BB6F-5AAE193AD152}
		{B29C1CDC-BD37-4017-BF87-7B63D391E1F7} = {B29C1CDC-BD37-4017-BF87-7B63D391E1F7}
		{C3BC0BE3-F873-42E9-BD57-89ED23BAF02D} = {C3BC0BE3-F873-42E9-BD57-89ED23BAF02D}
		{346A70F2-41AA-4DC7-9E6D-23B62176DC4F} = {346A70F2-41AA-4DC7-9E6D-23B62176DC4F}
	EndProjectSection
EndProject
Project("{8BC9CEB8-8B4A-11D0-8D11-00A0C91BC942}") = "RegSpy", "..\RegSpy\RegSpy2005.vcproj", "{A854F094-3DCC-4B63-BA74-11AF953AB9FA}"
EndProject
Project("{8BC9CEB8-8B4A-11D0-8D11-00A0C91BC942}") = "SendMsg", "..\SendMsg\SendMsg2005.vcproj", "{CA11128F-D860-4252-A75D-6BDF95B66831}"
EndProject
Project("{8BC9CEB8-8B4A-11D0-8D11-00A0C91BC942}") = "Verinc", "..\Verinc\Verinc2005.vcproj", "{B5F1BF2A-9619-4610-BE74-69D985FF10E6}"
EndProject
Global
	GlobalSection(SolutionConfigurationPlatforms) = preSolution
		Debug|Win32 = Debug|Win32
		Release|Win32 = Release|Win32
	EndGlobalSection
	GlobalSection(ProjectConfigurationPlatforms) = postSolution
		{454FB767-448C-4F85-9830-2906FE5F4C7A}.Debug|Win32.ActiveCfg = Debug|Win32
		{454FB767-448C-4F85-9830-2906FE5F4C7A}.Debug|Win32.Build.0 = Debug|Win32
		{454FB767-448C-4F85-9830-2906FE5F4C7A}.Release|Win32.ActiveCfg = Release|Win32
		{454FB767-448C-4F85-9830-2906FE5F4C7A}.Release|Win32.Build.0 = Release|Win32
		{2F9AF3C5-AEA3-4EEA-A4CF-9D4B825AF51F}.Debug|Win32.ActiveCfg = Debug|Win32
		{2F9AF3C5-AEA3-4EEA-A4CF-9D4B825AF51F}.Debug|Win32.Build.0 = Debug|Win32
		{2F9AF3C5-AEA3-4EEA-A4CF-9D4B825AF51F}.Release|Win32.ActiveCfg = Release|Win32
		{2F9AF3C5-AEA3-4EEA-A4CF-9D4B825AF51F}.Release|Win32.Build.0 = Release|Win32
		{EAD803A2-490A-4428-9DDF-17956F1F1C66}.Debug|Win32.ActiveCfg = Debug|Win32
		{EAD803A2-490A-4428-9DDF-17956F1F1C66}.Debug|Win32.Build.0 = Debug|Win32
		{EAD803A2-490A-4428-9DDF-17956F1F1C66}.Release|Win32.ActiveCfg = Release|Win32
		{EAD803A2-490A-4428-9DDF-17956F1F1C66}.Release|Win32.Build.0 = Release|Win32
		{8F886664-F7B6-4444-ACF9-3E567D86115E}.Debug|Win32.ActiveCfg = Debug|Win32
		{8F886664-F7B6-4444-ACF9-3E567D86115E}.Debug|Win32.Build.0 = Debug|Win32
		{8F886664-F7B6-4444-ACF9-3E567D86115E}.Release|Win32.ActiveCfg = Release|Win32
		{8F886664-F7B6-4444-ACF9-3E567D86115E}.Release|Win32.Build.0 = Release|Win32
		{0EA8DA54-B54A-4532-AAFB-B408D0B47841}.Debug|Win32.ActiveCfg = Debug|Win32
		{0EA8DA54-B54A-4532-AAFB-B408D0B47841}.Debug|Win32.Build.0 = Debug|Win32
		{0EA8DA54-B54A-4532-AAFB-B408D0B47841}.Release|Win32.ActiveCfg = Release|Win32
		{0EA8DA54-B54A-4532-AAFB-B408D0B47841}.Release|Win32.Build.0 = Release|Win32
		{E87D1F65-7BA7-41DB-88AC-F67CE7A6C99A}.Debug|Win32.ActiveCfg = Debug|Win32
		{E87D1F65-7BA7-41DB-88AC-F67CE7A6C99A}.Debug|Win32.Build.0 = Debug|Win32
		{E87D1F65-7BA7-41DB-88AC-F67CE7A6C99A}.Release|Win32.ActiveCfg = Release|Win32
		{E87D1F65-7BA7-41DB-88AC-F67CE7A6C99A}.Release|Win32.Build.0 = Release|Win32
		{FCEB20D5-822B-4605-BB6F-5AAE193AD152}.Debug|Win32.ActiveCfg = Debug|Win32
		{FCEB20D5-822B-4605-BB6F-5AAE193AD152}.Debug|Win32.Build.0 = Debug|Win32
		{FCEB20D5-822B-4605-BB6F-5AAE193AD152}.Release|Win32.ActiveCfg = Release|Win32
		{FCEB20D5-822B-4605-BB6F-5AAE193AD152}.Release|Win32.Build.0 = Release|Win32
		{9C4FBDCD-5CE2-4531-A7C0-594613FAEE6B}.Debug|Win32.ActiveCfg = Debug|Win32
		{9C4FBDCD-5CE2-4531-A7C0-594613FAEE6B}.Debug|Win32.Build.0 = Debug|Win32
		{9C4FBDCD-5CE2-4531-A7C0-594613FAEE6B}.Release|Win32.ActiveCfg = Release|Win32
		{9C4FBDCD-5CE2-4531-A7C0-594613FAEE6B}.Release|Win32.Build.0 = Release|Win32
		{3C6DEBC3-E517-4D15-8506-C8C62E6EED8E}.Debug|Win32.ActiveCfg = Debug|Win32
		{3C6DEBC3-E517-4D15-8506-C8C62E6EED8E}.Debug|Win32.Build.0 = Debug|Win32
		{3C6DEBC3-E517-4D15-8506-C8C62E6EED8E}.Release|Win32.ActiveCfg = Release|Win32
		{3C6DEBC3-E517-4D15-8506-C8C62E6EED8E}.Release|Win32.Build.0 = Release|Win32
		{E1F85A2C-71BA-4158-B46D-EDCEC531614E}.Debug|Win32.ActiveCfg = Debug|Win32
		{E1F85A2C-71BA-4158-B46D-EDCEC531614E}.Debug|Win32.Build.0 = Debug|Win32
		{E1F85A2C-71BA-4158-B46D-EDCEC531614E}.Release|Win32.ActiveCfg = Release|Win32
		{E1F85A2C-71BA-4158-B46D-EDCEC531614E}.Release|Win32.Build.0 = Release|Win32
		{76EF7E3B-4B8D-41CF-9137-7F79A67CAB90}.Debug|Win32.ActiveCfg = Debug|Win32
		{76EF7E3B-4B8D-41CF-9137-7F79A67CAB90}.Debug|Win32.Build.0 = Debug|Win32
		{76EF7E3B-4B8D-41CF-9137-7F79A67CAB90}.Release|Win32.ActiveCfg = Release|Win32
		{76EF7E3B-4B8D-41CF-9137-7F79A67CAB90}.Release|Win32.Build.0 = Release|Win32
		{945DE5B3-50F7-4299-8C37-3DEDC92BECA8}.Debug|Win32.ActiveCfg = Debug|Win32
		{945DE5B3-50F7-4299-8C37-3DEDC92BECA8}.Debug|Win32.Build.0 = Debug|Win32
		{945DE5B3-50F7-4299-8C37-3DEDC92BECA8}.Release|Win32.ActiveCfg = Release|Win32
		{945DE5B3-50F7-4299-8C37-3DEDC92BECA8}.Release|Win32.Build.0 = Release|Win32
		{C3BC0BE3-F873-42E9-BD57-89ED23BAF02D}.Debug|Win32.ActiveCfg = Debug|Win32
		{C3BC0BE3-F873-42E9-BD57-89ED23BAF02D}.Debug|Win32.Build.0 = Debug|Win32
		{C3BC0BE3-F873-42E9-BD57-89ED23BAF02D}.Release|Win32.ActiveCfg = Release|Win32
		{C3BC0BE3-F873-42E9-BD57-89ED23BAF02D}.Release|Win32.Build.0 = Release|Win32
		{8A80C871-BAEA-48F2-B7B1-45D2A52194ED}.Debug|Win32.ActiveCfg = Debug|Win32
		{8A80C871-BAEA-48F2-B7B1-45D2A52194ED}.Debug|Win32.Build.0 = Debug|Win32
		{8A80C871-BAEA-48F2-B7B1-45D2A52194ED}.Release|Win32.ActiveCfg = Release|Win32
		{8A80C871-BAEA-48F2-B7B1-45D2A52194ED}.Release|Win32.Build.0 = Release|Win32
		{71003E3E-2E0E-4C91-8CA6-F00E94CF51D3}.Debug|Win32.ActiveCfg = Debug|Win32
		{71003E3E-2E0E-4C91-8CA6-F00E94CF51D3}.Debug|Win32.Build.0 = Debug|Win32
		{71003E3E-2E0E-4C91-8CA6-F00E94CF51D3}.Release|Win32.ActiveCfg = Release|Win32
		{71003E3E-2E0E-4C91-8CA6-F00E94CF51D3}.Release|Win32.Build.0 = Release|Win32
		{E788362B-057B-4FC5-A719-0A50D6CD7640}.Debug|Win32.ActiveCfg = Debug|Win32
		{E788362B-057B-4FC5-A719-0A50D6CD7640}.Debug|Win32.Build.0 = Debug|Win32
		{E788362B-057B-4FC5-A719-0A50D6CD7640}.Release|Win32.ActiveCfg = Release|Win32
		{E788362B-057B-4FC5-A719-0A50D6CD7640}.Release|Win32.Build.0 = Release|Win32
		{67222DDF-A530-4584-8270-6DCC9F781BFD}.Debug|Win32.ActiveCfg = Debug|Win32
		{67222DDF-A530-4584-8270-6DCC9F781BFD}.Debug|Win32.Build.0 = Debug|Win32
		{67222DDF-A530-4584-8270-6DCC9F781BFD}.Release|Win32.ActiveCfg = Release|Win32
		{67222DDF-A530-4584-8270-6DCC9F781BFD}.Release|Win32.Build.0 = Release|Win32
		{C2EF590F-4085-4786-9361-83FC93CAC63E}.Debug|Win32.ActiveCfg = Debug|Win32
		{C2EF590F-4085-4786-9361-83FC93CAC63E}.Debug|Win32.Build.0 = Debug|Win32
		{C2EF590F-4085-4786-9361-83FC93CAC63E}.Release|Win32.ActiveCfg = Release|Win32
		{C2EF590F-4085-4786-9361-83FC93CAC63E}.Release|Win32.Build.0 = Release|Win32
		{20622BFB-4B71-4BE2-9F3A-8381ADD55F04}.Debug|Win32.ActiveCfg = Debug|Win32
		{20622BFB-4B71-4BE2-9F3A-8381ADD55F04}.Debug|Win32.Build.0 = Debug|Win32
		{20622BFB-4B71-4BE2-9F3A-8381ADD55F04}.Release|Win32.ActiveCfg = Release|Win32
		{20622BFB-4B71-4BE2-9F3A-8381ADD55F04}.Release|Win32.Build.0 = Release|Win32
		{33B89254-6682-4F79-9BA5-4048D278E48A}.Debug|Win32.ActiveCfg = Debug|Win32
		{33B89254-6682-4F79-9BA5-4048D278E48A}.Debug|Win32.Build.0 = Debug|Win32
		{33B89254-6682-4F79-9BA5-4048D278E48A}.Release|Win32.ActiveCfg = Release|Win32
		{33B89254-6682-4F79-9BA5-4048D278E48A}.Release|Win32.Build.0 = Release|Win32
		{A273AE9F-58F2-4476-9016-996C2861A94D}.Debug|Win32.ActiveCfg = Debug|Win32
		{A273AE9F-58F2-4476-9016-996C2861A94D}.Debug|Win32.Build.0 = Debug|Win32
		{A273AE9F-58F2-4476-9016-996C2861A94D}.Release|Win32.ActiveCfg = Release|Win32
		{A273AE9F-58F2-4476-9016-996C2861A94D}.Release|Win32.Build.0 = Release|Win32
		{64182EA2-4BE1-473D-87B4-66A220384248}.Debug|Win32.ActiveCfg = Debug|Win32
		{64182EA2-4BE1-473D-87B4-66A220384248}.Debug|Win32.Build.0 = Debug|Win32
		{64182EA2-4BE1-473D-87B4-66A220384248}.Release|Win32.ActiveCfg = Release|Win32
		{64182EA2-4BE1-473D-87B4-66A220384248}.Release|Win32.Build.0 = Release|Win32
		{2E72925C-53AC-460A-8D23-8B9713E641F9}.Debug|Win32.ActiveCfg = Debug|Win32
		{2E72925C-53AC-460A-8D23-8B9713E641F9}.Debug|Win32.Build.0 = Debug|Win32
		{2E72925C-53AC-460A-8D23-8B9713E641F9}.Release|Win32.ActiveCfg = Release|Win32
		{2E72925C-53AC-460A-8D23-8B9713E641F9}.Release|Win32.Build.0 = Release|Win32
		{47741686-2EC4-4200-9F67-CB4247096AE5}.Debug|Win32.ActiveCfg = Debug|Win32
		{47741686-2EC4-4200-9F67-CB4247096AE5}.Debug|Win32.Build.0 = Debug|Win32
		{47741686-2EC4-4200-9F67-CB4247096AE5}.Release|Win32.ActiveCfg = Release|Win32
		{47741686-2EC4-4200-9F67-CB4247096AE5}.Release|Win32.Build.0 = Release|Win32
		{3573FC9A-52F5-4FEB-80C0-6F95EB3ABD61}.Debug|Win32.ActiveCfg = Debug|Win32
		{3573FC9A-52F5-4FEB-80C0-6F95EB3ABD61}.Debug|Win32.Build.0 = Debug|Win32
		{3573FC9A-52F5-4FEB-80C0-6F95EB3ABD61}.Release|Win32.ActiveCfg = Release|Win32
		{3573FC9A-52F5-4FEB-80C0-6F95EB3ABD61}.Release|Win32.Build.0 = Release|Win32
		{0A1BDB48-810A-4105-ABBC-28333AD3097C}.Debug|Win32.ActiveCfg = Debug|Win32
		{0A1BDB48-810A-4105-ABBC-28333AD3097C}.Debug|Win32.Build.0 = Debug|Win32
		{0A1BDB48-810A-4105-ABBC-28333AD3097C}.Release|Win32.ActiveCfg = Release|Win32
		{0A1BDB48-810A-4105-ABBC-28333AD3097C}.Release|Win32.Build.0 = Release|Win32
		{8A910216-D2FF-422B-894B-6427C2E84502}.Debug|Win32.ActiveCfg = Debug|Win32
		{8A910216-D2FF-422B-894B-6427C2E84502}.Debug|Win32.Build.0 = Debug|Win32
		{8A910216-D2FF-422B-894B-6427C2E84502}.Release|Win32.ActiveCfg = Release|Win32
		{8A910216-D2FF-422B-894B-6427C2E84502}.Release|Win32.Build.0 = Release|Win32
		{346A70F2-41AA-4DC7-9E6D-23B62176DC4F}.Debug|Win32.ActiveCfg = Debug|Win32
		{346A70F2-41AA-4DC7-9E6D-23B62176DC4F}.Debug|Win32.Build.0 = Debug|Win32
		{346A70F2-41AA-4DC7-9E6D-23B62176DC4F}.Release|Win32.ActiveCfg = Release|Win32
		{346A70F2-41AA-4DC7-9E6D-23B62176DC4F}.Release|Win32.Build.0 = Release|Win32
		{B79E6718-4A3B-4B63-9AF9-34EB3B4B6D5D}.Debug|Win32.ActiveCfg = Debug|Win32
		{B79E6718-4A3B-4B63-9AF9-34EB3B4B6D5D}.Debug|Win32.Build.0 = Debug|Win32
		{B79E6718-4A3B-4B63-9AF9-34EB3B4B6D5D}.Release|Win32.ActiveCfg = Release|Win32
		{B79E6718-4A3B-4B63-9AF9-34EB3B4B6D5D}.Release|Win32.Build.0 = Release|Win32
		{5EDAFB73-90A7-4080-AD70-00098AC4AC82}.Debug|Win32.ActiveCfg = Debug|Win32
		{5EDAFB73-90A7-4080-AD70-00098AC4AC82}.Debug|Win32.Build.0 = Debug|Win32
		{5EDAFB73-90A7-4080-AD70-00098AC4AC82}.Release|Win32.ActiveCfg = Release|Win32
		{5EDAFB73-90A7-4080-AD70-00098AC4AC82}.Release|Win32.Build.0 = Release|Win32
		{57EF3E41-5127-4A3C-B524-C16CD68C42A9}.Debug|Win32.ActiveCfg = Debug|Win32
		{57EF3E41-5127-4A3C-B524-C16CD68C42A9}.Debug|Win32.Build.0 = Debug|Win32
		{57EF3E41-5127-4A3C-B524-C16CD68C42A9}.Release|Win32.ActiveCfg = Release|Win32
		{57EF3E41-5127-4A3C-B524-C16CD68C42A9}.Release|Win32.Build.0 = Release|Win32
		{5581D72F-461A-477A-B3EF-10CDDF145F4E}.Debug|Win32.ActiveCfg = Debug|Win32
		{5581D72F-461A-477A-B3EF-10CDDF145F4E}.Debug|Win32.Build.0 = Debug|Win32
		{5581D72F-461A-477A-B3EF-10CDDF145F4E}.Release|Win32.ActiveCfg = Release|Win32
		{5581D72F-461A-477A-B3EF-10CDDF145F4E}.Release|Win32.Build.0 = Release|Win32
		{4B500EA0-BDE1-433C-B74B-06FD1A2DC48D}.Debug|Win32.ActiveCfg = Debug|Win32
		{4B500EA0-BDE1-433C-B74B-06FD1A2DC48D}.Debug|Win32.Build.0 = Debug|Win32
		{4B500EA0-BDE1-433C-B74B-06FD1A2DC48D}.Release|Win32.ActiveCfg = Release|Win32
		{4B500EA0-BDE1-433C-B74B-06FD1A2DC48D}.Release|Win32.Build.0 = Release|Win32
		{290BFFBA-1916-4CE7-A828-80EDB3BEDEE6}.Debug|Win32.ActiveCfg = Debug|Win32
		{290BFFBA-1916-4CE7-A828-80EDB3BEDEE6}.Debug|Win32.Build.0 = Debug|Win32
		{290BFFBA-1916-4CE7-A828-80EDB3BEDEE6}.Release|Win32.ActiveCfg = Release|Win32
		{290BFFBA-1916-4CE7-A828-80EDB3BEDEE6}.Release|Win32.Build.0 = Release|Win32
		{B29C1CDC-BD37-4017-BF87-7B63D391E1F7}.Debug|Win32.ActiveCfg = Debug|Win32
		{B29C1CDC-BD37-4017-BF87-7B63D391E1F7}.Debug|Win32.Build.0 = Debug|Win32
		{B29C1CDC-BD37-4017-BF87-7B63D391E1F7}.Release|Win32.ActiveCfg = Release|Win32
		{B29C1CDC-BD37-4017-BF87-7B63D391E1F7}.Release|Win32.Build.0 = Release|Win32
		{F7DCCC5D-E5C6-49DF-8B01-339D500E5E6C}.Debug|Win32.ActiveCfg = Debug|Win32
		{F7DCCC5D-E5C6-49DF-8B01-339D500E5E6C}.Debug|Win32.Build.0 = Debug|Win32
		{F7DCCC5D-E5C6-49DF-8B01-339D500E5E6C}.Release|Win32.ActiveCfg = Release|Win32
		{F7DCCC5D-E5C6-49DF-8B01-339D500E5E6C}.Release|Win32.Build.0 = Release|Win32
		{8767E8F7-B4E6-4CAF-94D5-989BD734EEE4}.Debug|Win32.ActiveCfg = Debug|Win32
		{8767E8F7-B4E6-4CAF-94D5-989BD734EEE4}.Debug|Win32.Build.0 = Debug|Win32
		{8767E8F7-B4E6-4CAF-94D5-989BD734EEE4}.Release|Win32.ActiveCfg = Release|Win32
		{8767E8F7-B4E6-4CAF-94D5-989BD734EEE4}.Release|Win32.Build.0 = Release|Win32
		{817F7FA2-97A1-435F-9C2B-9B899C460305}.Debug|Win32.ActiveCfg = Debug|Win32
		{817F7FA2-97A1-435F-9C2B-9B899C460305}.Debug|Win32.Build.0 = Debug|Win32
		{817F7FA2-97A1-435F-9C2B-9B899C460305}.Release|Win32.ActiveCfg = Release|Win32
		{817F7FA2-97A1-435F-9C2B-9B899C460305}.Release|Win32.Build.0 = Release|Win32
		{6B322FA6-F4A0-4190-96F7-FBEDAC2D863E}.Debug|Win32.ActiveCfg = Debug|Win32
		{6B322FA6-F4A0-4190-96F7-FBEDAC2D863E}.Debug|Win32.Build.0 = Debug|Win32
		{6B322FA6-F4A0-4190-96F7-FBEDAC2D863E}.Release|Win32.ActiveCfg = Release|Win32
		{6B322FA6-F4A0-4190-96F7-FBEDAC2D863E}.Release|Win32.Build.0 = Release|Win32
		{A854F094-3DCC-4B63-BA74-11AF953AB9FA}.Debug|Win32.ActiveCfg = Debug|Win32
		{A854F094-3DCC-4B63-BA74-11AF953AB9FA}.Debug|Win32.Build.0 = Debug|Win32
		{A854F094-3DCC-4B63-BA74-11AF953AB9FA}.Release|Win32.ActiveCfg = Release|Win32
		{A854F094-3DCC-4B63-BA74-11AF953AB9FA}.Release|Win32.Build.0 = Release|Win32
		{CA11128F-D860-4252-A75D-6BDF95B66831}.Debug|Win32.ActiveCfg = Debug|Win32
		{CA11128F-D860-4252-A75D-6BDF95B66831}.Debug|Win32.Build.0 = Debug|Win32
		{CA11128F-D860-4252-A75D-6BDF95B66831}.Release|Win32.ActiveCfg = Release|Win32
		{CA11128F-D860-4252-A75D-6BDF95B66831}.Release|Win32.Build.0 = Release|Win32
		{B5F1BF2A-9619-4610-BE74-69D985FF10E6}.Debug|Win32.ActiveCfg = Debug|Win32
		{B5F1BF2A-9619-4610-BE74-69D985FF10E6}.Debug|Win32.Build.0 = Debug|Win32
		{B5F1BF2A-9619-4610-BE74-69D985FF10E6}.Release|Win32.ActiveCfg = Release|Win32
		{B5F1BF2A-9619-4610-BE74-69D985FF10E6}.Release|Win32.Build.0 = Release|Win32
	EndGlobalSection
	GlobalSection(SolutionProperties) = preSolution
		HideSolutionNode = FALSE
	EndGlobalSection
EndGlobal
