Microsoft Visual Studio Solution File, Format Version 8.00
Project("{8BC9CEB8-8B4A-11D0-8D11-00A0C91BC942}") = "DI_Adaptive", "..\PLUGINS\DI_Adaptive\DI_Adaptive.vcproj", "{454FB767-448C-4F85-9830-2906FE5F4C7A}"
	ProjectSection(ProjectDependencies) = postProject
	EndProjectSection
EndProject
Project("{8BC9CEB8-8B4A-11D0-8D11-00A0C91BC942}") = "DI_BlendedClip", "..\Plugins\DI_BlendedClip\DI_BlendedClip.vcproj", "{2F9AF3C5-AEA3-4EEA-A4CF-9D4B825AF51F}"
	ProjectSection(ProjectDependencies) = postProject
	EndProjectSection
EndProject
Project("{8BC9CEB8-8B4A-11D0-8D11-00A0C91BC942}") = "DI_Bob", "..\Plugins\DI_Bob\DI_Bob.vcproj", "{EAD803A2-490A-4428-9DDF-17956F1F1C66}"
	ProjectSection(ProjectDependencies) = postProject
	EndProjectSection
EndProject
Project("{8BC9CEB8-8B4A-11D0-8D11-00A0C91BC942}") = "DI_EvenOnly", "..\Plugins\DI_EvenOnly\DI_EvenOnly.vcproj", "{8F886664-F7B6-4444-ACF9-3E567D86115E}"
	ProjectSection(ProjectDependencies) = postProject
	EndProjectSection
EndProject
Project("{8BC9CEB8-8B4A-11D0-8D11-00A0C91BC942}") = "DI_Greedy", "..\Plugins\DI_Greedy\DI_Greedy.vcproj", "{0EA8DA54-B54A-4532-AAFB-B408D0B47841}"
	ProjectSection(ProjectDependencies) = postProject
	EndProjectSection
EndProject
Project("{8BC9CEB8-8B4A-11D0-8D11-00A0C91BC942}") = "DI_Greedy2Frame", "..\Plugins\DI_Greedy2Frame\DI_Greedy2Frame.vcproj", "{E87D1F65-7BA7-41DB-88AC-F67CE7A6C99A}"
	ProjectSection(ProjectDependencies) = postProject
	EndProjectSection
EndProject
Project("{8BC9CEB8-8B4A-11D0-8D11-00A0C91BC942}") = "DI_GreedyH", "..\Plugins\DI_GreedyH\DI_GreedyH.vcproj", "{FCEB20D5-822B-4605-BB6F-5AAE193AD152}"
	ProjectSection(ProjectDependencies) = postProject
	EndProjectSection
EndProject
Project("{8BC9CEB8-8B4A-11D0-8D11-00A0C91BC942}") = "DI_MoComp2", "..\Plugins\DI_MoComp2\DI_MoComp2.vcproj", "{9C4FBDCD-5CE2-4531-A7C0-594613FAEE6B}"
	ProjectSection(ProjectDependencies) = postProject
	EndProjectSection
EndProject
Project("{8BC9CEB8-8B4A-11D0-8D11-00A0C91BC942}") = "DI_OddOnly", "..\Plugins\DI_OddOnly\DI_OddOnly.vcproj", "{3C6DEBC3-E517-4D15-8506-C8C62E6EED8E}"
	ProjectSection(ProjectDependencies) = postProject
	EndProjectSection
EndProject
Project("{8BC9CEB8-8B4A-11D0-8D11-00A0C91BC942}") = "DI_OldGame", "..\Plugins\DI_OldGame\DI_OldGame.vcproj", "{E1F85A2C-71BA-4158-B46D-EDCEC531614E}"
	ProjectSection(ProjectDependencies) = postProject
	EndProjectSection
EndProject
Project("{8BC9CEB8-8B4A-11D0-8D11-00A0C91BC942}") = "DI_ScalerBob", "..\Plugins\DI_ScalerBob\DI_ScalerBob.vcproj", "{76EF7E3B-4B8D-41CF-9137-7F79A67CAB90}"
	ProjectSection(ProjectDependencies) = postProject
	EndProjectSection
EndProject
Project("{8BC9CEB8-8B4A-11D0-8D11-00A0C91BC942}") = "DI_TomsMoComp", "..\Plugins\DI_TomsMoComp\DI_TomsMoComp.vcproj", "{945DE5B3-50F7-4299-8C37-3DEDC92BECA8}"
	ProjectSection(ProjectDependencies) = postProject
	EndProjectSection
EndProject
Project("{8BC9CEB8-8B4A-11D0-8D11-00A0C91BC942}") = "DI_TwoFrame", "..\Plugins\DI_TwoFrame\DI_TwoFrame.vcproj", "{C3BC0BE3-F873-42E9-BD57-89ED23BAF02D}"
	ProjectSection(ProjectDependencies) = postProject
	EndProjectSection
EndProject
Project("{8BC9CEB8-8B4A-11D0-8D11-00A0C91BC942}") = "DI_VideoBob", "..\Plugins\DI_VideoBob\DI_VideoBob.vcproj", "{8A80C871-BAEA-48F2-B7B1-45D2A52194ED}"
	ProjectSection(ProjectDependencies) = postProject
	EndProjectSection
EndProject
Project("{8BC9CEB8-8B4A-11D0-8D11-00A0C91BC942}") = "DI_VideoWeave", "..\Plugins\DI_VideoWeave\DI_VideoWeave.vcproj", "{71003E3E-2E0E-4C91-8CA6-F00E94CF51D3}"
	ProjectSection(ProjectDependencies) = postProject
	EndProjectSection
EndProject
Project("{8BC9CEB8-8B4A-11D0-8D11-00A0C91BC942}") = "DI_Weave", "..\Plugins\DI_Weave\DI_Weave.vcproj", "{E788362B-057B-4FC5-A719-0A50D6CD7640}"
	ProjectSection(ProjectDependencies) = postProject
	EndProjectSection
EndProject
Project("{8BC9CEB8-8B4A-11D0-8D11-00A0C91BC942}") = "DSRend", "..\..\DSRend\DSRend.vcproj", "{67222DDF-A530-4584-8270-6DCC9F781BFD}"
	ProjectSection(ProjectDependencies) = postProject
	EndProjectSection
EndProject
Project("{8BC9CEB8-8B4A-11D0-8D11-00A0C91BC942}") = "DScaler", "DScaler.vcproj", "{C2EF590F-4085-4786-9361-83FC93CAC63E}"
	ProjectSection(ProjectDependencies) = postProject
		{8A910216-D2FF-422B-894B-6427C2E84502} = {8A910216-D2FF-422B-894B-6427C2E84502}
		{B79E6718-4A3B-4B63-9AF9-34EB3B4B6D5D} = {B79E6718-4A3B-4B63-9AF9-34EB3B4B6D5D}
		{B5F1BF2A-9619-4610-BE74-69D985FF10E6} = {B5F1BF2A-9619-4610-BE74-69D985FF10E6}
		{E788362B-057B-4FC5-A719-0A50D6CD7640} = {E788362B-057B-4FC5-A719-0A50D6CD7640}
		{E1F85A2C-71BA-4158-B46D-EDCEC531614E} = {E1F85A2C-71BA-4158-B46D-EDCEC531614E}
		{5581D72F-461A-477A-B3EF-10CDDF145F4E} = {5581D72F-461A-477A-B3EF-10CDDF145F4E}
		{76EF7E3B-4B8D-41CF-9137-7F79A67CAB90} = {76EF7E3B-4B8D-41CF-9137-7F79A67CAB90}
		{71003E3E-2E0E-4C91-8CA6-F00E94CF51D3} = {71003E3E-2E0E-4C91-8CA6-F00E94CF51D3}
		{57EF3E41-5127-4A3C-B524-C16CD68C42A9} = {57EF3E41-5127-4A3C-B524-C16CD68C42A9}
		{0A1BDB48-810A-4105-ABBC-28333AD3097C} = {0A1BDB48-810A-4105-ABBC-28333AD3097C}
		{33B89254-6682-4F79-9BA5-4048D278E48A} = {33B89254-6682-4F79-9BA5-4048D278E48A}
		{0EA8DA54-B54A-4532-AAFB-B408D0B47841} = {0EA8DA54-B54A-4532-AAFB-B408D0B47841}
		{2E72925C-53AC-460A-8D23-8B9713E641F9} = {2E72925C-53AC-460A-8D23-8B9713E641F9}
		{F7DCCC5D-E5C6-49DF-8B01-339D500E5E6C} = {F7DCCC5D-E5C6-49DF-8B01-339D500E5E6C}
		{8F886664-F7B6-4444-ACF9-3E567D86115E} = {8F886664-F7B6-4444-ACF9-3E567D86115E}
		{E87D1F65-7BA7-41DB-88AC-F67CE7A6C99A} = {E87D1F65-7BA7-41DB-88AC-F67CE7A6C99A}
		{454FB767-448C-4F85-9830-2906FE5F4C7A} = {454FB767-448C-4F85-9830-2906FE5F4C7A}
		{8A80C871-BAEA-48F2-B7B1-45D2A52194ED} = {8A80C871-BAEA-48F2-B7B1-45D2A52194ED}
		{5EDAFB73-90A7-4080-AD70-00098AC4AC82} = {5EDAFB73-90A7-4080-AD70-00098AC4AC82}
		{47741686-2EC4-4200-9F67-CB4247096AE5} = {47741686-2EC4-4200-9F67-CB4247096AE5}
		{CA11128F-D860-4252-A75D-6BDF95B66831} = {CA11128F-D860-4252-A75D-6BDF95B66831}
		{3573FC9A-52F5-4FEB-80C0-6F95EB3ABD61} = {3573FC9A-52F5-4FEB-80C0-6F95EB3ABD61}
		{A273AE9F-58F2-4476-9016-996C2861A94D} = {A273AE9F-58F2-4476-9016-996C2861A94D}
		{4B500EA0-BDE1-433C-B74B-06FD1A2DC48D} = {4B500EA0-BDE1-433C-B74B-06FD1A2DC48D}
		{EAD803A2-490A-4428-9DDF-17956F1F1C66} = {EAD803A2-490A-4428-9DDF-17956F1F1C66}
		{64182EA2-4BE1-473D-87B4-66A220384248} = {64182EA2-4BE1-473D-87B4-66A220384248}
		{817F7FA2-97A1-435F-9C2B-9B899C460305} = {817F7FA2-97A1-435F-9C2B-9B899C460305}
		{945DE5B3-50F7-4299-8C37-3DEDC92BECA8} = {945DE5B3-50F7-4299-8C37-3DEDC92BECA8}
		{290BFFBA-1916-4CE7-A828-80EDB3BEDEE6} = {290BFFBA-1916-4CE7-A828-80EDB3BEDEE6}
		{3C6DEBC3-E517-4D15-8506-C8C62E6EED8E} = {3C6DEBC3-E517-4D15-8506-C8C62E6EED8E}
		{2F9AF3C5-AEA3-4EEA-A4CF-9D4B825AF51F} = {2F9AF3C5-AEA3-4EEA-A4CF-9D4B825AF51F}
		{9C4FBDCD-5CE2-4531-A7C0-594613FAEE6B} = {9C4FBDCD-5CE2-4531-A7C0-594613FAEE6B}
		{FCEB20D5-822B-4605-BB6F-5AAE193AD152} = {FCEB20D5-822B-4605-BB6F-5AAE193AD152}
		{B29C1CDC-BD37-4017-BF87-7B63D391E1F7} = {B29C1CDC-BD37-4017-BF87-7B63D391E1F7}
		{67222DDF-A530-4584-8270-6DCC9F781BFD} = {67222DDF-A530-4584-8270-6DCC9F781BFD}
		{C3BC0BE3-F873-42E9-BD57-89ED23BAF02D} = {C3BC0BE3-F873-42E9-BD57-89ED23BAF02D}
		{346A70F2-41AA-4DC7-9E6D-23B62176DC4F} = {346A70F2-41AA-4DC7-9E6D-23B62176DC4F}
		{20622BFB-4B71-4BE2-9F3A-8381ADD55F04} = {20622BFB-4B71-4BE2-9F3A-8381ADD55F04}
	EndProjectSection
EndProject
Project("{8BC9CEB8-8B4A-11D0-8D11-00A0C91BC942}") = "DScalerRes", "..\DScalerRes\DScalerRes.vcproj", "{20622BFB-4B71-4BE2-9F3A-8381ADD55F04}"
	ProjectSection(ProjectDependencies) = postProject
	EndProjectSection
EndProject
Project("{8BC9CEB8-8B4A-11D0-8D11-00A0C91BC942}") = "Disasm", "..\Disasm\Disasm.vcproj", "{33B89254-6682-4F79-9BA5-4048D278E48A}"
	ProjectSection(ProjectDependencies) = postProject
	EndProjectSection
EndProject
Project("{8BC9CEB8-8B4A-11D0-8D11-00A0C91BC942}") = "FLT_AdaptiveNoise", "..\Plugins\FLT_AdaptiveNoise\FLT_AdaptiveNoise.vcproj", "{A273AE9F-58F2-4476-9016-996C2861A94D}"
	ProjectSection(ProjectDependencies) = postProject
	EndProjectSection
EndProject
Project("{8BC9CEB8-8B4A-11D0-8D11-00A0C91BC942}") = "FLT_BlackWhite", "..\Plugins\FLT_BlackWhite\FLT_BlackWhite.vcproj", "{64182EA2-4BE1-473D-87B4-66A220384248}"
	ProjectSection(ProjectDependencies) = postProject
	EndProjectSection
EndProject
Project("{8BC9CEB8-8B4A-11D0-8D11-00A0C91BC942}") = "FLT_Chroma", "..\Plugins\FLT_Chroma\FLT_Chroma.vcproj", "{2E72925C-53AC-460A-8D23-8B9713E641F9}"
	ProjectSection(ProjectDependencies) = postProject
	EndProjectSection
EndProject
Project("{8BC9CEB8-8B4A-11D0-8D11-00A0C91BC942}") = "FLT_Colorimetry", "..\Plugins\FLT_Colorimetry\FLT_Colorimetry.vcproj", "{47741686-2EC4-4200-9F67-CB4247096AE5}"
	ProjectSection(ProjectDependencies) = postProject
	EndProjectSection
EndProject
Project("{8BC9CEB8-8B4A-11D0-8D11-00A0C91BC942}") = "FLT_ColourInversion", "..\Plugins\FLT_ColourInversion\FLT_ColourInversion.vcproj", "{3573FC9A-52F5-4FEB-80C0-6F95EB3ABD61}"
	ProjectSection(ProjectDependencies) = postProject
	EndProjectSection
EndProject
Project("{8BC9CEB8-8B4A-11D0-8D11-00A0C91BC942}") = "FLT_DScopeVIDEO", "..\Plugins\FLT_DScopeVIDEO\FLT_DScopeVIDEO.vcproj", "{0A1BDB48-810A-4105-ABBC-28333AD3097C}"
	ProjectSection(ProjectDependencies) = postProject
	EndProjectSection
EndProject
Project("{8BC9CEB8-8B4A-11D0-8D11-00A0C91BC942}") = "FLT_Gamma", "..\Plugins\FLT_Gamma\FLT_Gamma.vcproj", "{8A910216-D2FF-422B-894B-6427C2E84502}"
	ProjectSection(ProjectDependencies) = postProject
	EndProjectSection
EndProject
Project("{8BC9CEB8-8B4A-11D0-8D11-00A0C91BC942}") = "FLT_GradualNoise", "..\Plugins\FLT_GradualNoise\FLT_GradualNoise.vcproj", "{346A70F2-41AA-4DC7-9E6D-23B62176DC4F}"
	ProjectSection(ProjectDependencies) = postProject
	EndProjectSection
EndProject
Project("{8BC9CEB8-8B4A-11D0-8D11-00A0C91BC942}") = "FLT_Histogram", "..\Plugins\FLT_Histogram\FLT_Histogram.vcproj", "{B79E6718-4A3B-4B63-9AF9-34EB3B4B6D5D}"
	ProjectSection(ProjectDependencies) = postProject
	EndProjectSection
EndProject
Project("{8BC9CEB8-8B4A-11D0-8D11-00A0C91BC942}") = "FLT_LinearCorrection", "..\Plugins\FLT_LinearCorrection\FLT_LinearCorrection.vcproj", "{5EDAFB73-90A7-4080-AD70-00098AC4AC82}"
	ProjectSection(ProjectDependencies) = postProject
	EndProjectSection
EndProject
Project("{8BC9CEB8-8B4A-11D0-8D11-00A0C91BC942}") = "FLT_LogoKill", "..\Plugins\FLT_LogoKill\FLT_LogoKill.vcproj", "{57EF3E41-5127-4A3C-B524-C16CD68C42A9}"
	ProjectSection(ProjectDependencies) = postProject
	EndProjectSection
EndProject
Project("{8BC9CEB8-8B4A-11D0-8D11-00A0C91BC942}") = "FLT_LuminChromaShift", "..\Plugins\FLT_LuminChromaShift\FLT_LuminChromaShift.vcproj", "{5581D72F-461A-477A-B3EF-10CDDF145F4E}"
	ProjectSection(ProjectDependencies) = postProject
	EndProjectSection
EndProject
Project("{8BC9CEB8-8B4A-11D0-8D11-00A0C91BC942}") = "FLT_Mirror", "..\PLUGINS\FLT_Mirror\FLT_Mirror.vcproj", "{4B500EA0-BDE1-433C-B74B-06FD1A2DC48D}"
	ProjectSection(ProjectDependencies) = postProject
	EndProjectSection
EndProject
Project("{8BC9CEB8-8B4A-11D0-8D11-00A0C91BC942}") = "FLT_Sharpness", "..\Plugins\FLT_Sharpness\FLT_Sharpness.vcproj", "{290BFFBA-1916-4CE7-A828-80EDB3BEDEE6}"
	ProjectSection(ProjectDependencies) = postProject
	EndProjectSection
EndProject
Project("{8BC9CEB8-8B4A-11D0-8D11-00A0C91BC942}") = "FLT_TNoise", "..\Plugins\FLT_TNoise\FLT_TNoise.vcproj", "{B29C1CDC-BD37-4017-BF87-7B63D391E1F7}"
	ProjectSection(ProjectDependencies) = postProject
	EndProjectSection
EndProject
Project("{8BC9CEB8-8B4A-11D0-8D11-00A0C91BC942}") = "FLT_TemporalComb", "..\Plugins\FLT_TemporalComb\FLT_TemporalComb.vcproj", "{F7DCCC5D-E5C6-49DF-8B01-339D500E5E6C}"
	ProjectSection(ProjectDependencies) = postProject
	EndProjectSection
EndProject
Project("{8BC9CEB8-8B4A-11D0-8D11-00A0C91BC942}") = "FreqExtract", "..\FreqExtract\FreqExtract.vcproj", "{8767E8F7-B4E6-4CAF-94D5-989BD734EEE4}"
	ProjectSection(ProjectDependencies) = postProject
	EndProjectSection
EndProject
Project("{8BC9CEB8-8B4A-11D0-8D11-00A0C91BC942}") = "Mapconv", "..\Mapconv\Mapconv.vcproj", "{817F7FA2-97A1-435F-9C2B-9B899C460305}"
	ProjectSection(ProjectDependencies) = postProject
	EndProjectSection
EndProject
Project("{8BC9CEB8-8B4A-11D0-8D11-00A0C91BC942}") = "PlugTest", "..\PlugTest\PlugTest.vcproj", "{6B322FA6-F4A0-4190-96F7-FBEDAC2D863E}"
	ProjectSection(ProjectDependencies) = postProject
		{8A910216-D2FF-422B-894B-6427C2E84502} = {8A910216-D2FF-422B-894B-6427C2E84502}
		{B79E6718-4A3B-4B63-9AF9-34EB3B4B6D5D} = {B79E6718-4A3B-4B63-9AF9-34EB3B4B6D5D}
		{E788362B-057B-4FC5-A719-0A50D6CD7640} = {E788362B-057B-4FC5-A719-0A50D6CD7640}
		{E1F85A2C-71BA-4158-B46D-EDCEC531614E} = {E1F85A2C-71BA-4158-B46D-EDCEC531614E}
		{76EF7E3B-4B8D-41CF-9137-7F79A67CAB90} = {76EF7E3B-4B8D-41CF-9137-7F79A67CAB90}
		{71003E3E-2E0E-4C91-8CA6-F00E94CF51D3} = {71003E3E-2E0E-4C91-8CA6-F00E94CF51D3}
		{57EF3E41-5127-4A3C-B524-C16CD68C42A9} = {57EF3E41-5127-4A3C-B524-C16CD68C42A9}
		{0EA8DA54-B54A-4532-AAFB-B408D0B47841} = {0EA8DA54-B54A-4532-AAFB-B408D0B47841}
		{2E72925C-53AC-460A-8D23-8B9713E641F9} = {2E72925C-53AC-460A-8D23-8B9713E641F9}
		{F7DCCC5D-E5C6-49DF-8B01-339D500E5E6C} = {F7DCCC5D-E5C6-49DF-8B01-339D500E5E6C}
		{8F886664-F7B6-4444-ACF9-3E567D86115E} = {8F886664-F7B6-4444-ACF9-3E567D86115E}
		{E87D1F65-7BA7-41DB-88AC-F67CE7A6C99A} = {E87D1F65-7BA7-41DB-88AC-F67CE7A6C99A}
		{454FB767-448C-4F85-9830-2906FE5F4C7A} = {454FB767-448C-4F85-9830-2906FE5F4C7A}
		{8A80C871-BAEA-48F2-B7B1-45D2A52194ED} = {8A80C871-BAEA-48F2-B7B1-45D2A52194ED}
		{5EDAFB73-90A7-4080-AD70-00098AC4AC82} = {5EDAFB73-90A7-4080-AD70-00098AC4AC82}
		{3573FC9A-52F5-4FEB-80C0-6F95EB3ABD61} = {3573FC9A-52F5-4FEB-80C0-6F95EB3ABD61}
		{A273AE9F-58F2-4476-9016-996C2861A94D} = {A273AE9F-58F2-4476-9016-996C2861A94D}
		{4B500EA0-BDE1-433C-B74B-06FD1A2DC48D} = {4B500EA0-BDE1-433C-B74B-06FD1A2DC48D}
		{EAD803A2-490A-4428-9DDF-17956F1F1C66} = {EAD803A2-490A-4428-9DDF-17956F1F1C66}
		{945DE5B3-50F7-4299-8C37-3DEDC92BECA8} = {945DE5B3-50F7-4299-8C37-3DEDC92BECA8}
		{290BFFBA-1916-4CE7-A828-80EDB3BEDEE6} = {290BFFBA-1916-4CE7-A828-80EDB3BEDEE6}
		{3C6DEBC3-E517-4D15-8506-C8C62E6EED8E} = {3C6DEBC3-E517-4D15-8506-C8C62E6EED8E}
		{2F9AF3C5-AEA3-4EEA-A4CF-9D4B825AF51F} = {2F9AF3C5-AEA3-4EEA-A4CF-9D4B825AF51F}
		{9C4FBDCD-5CE2-4531-A7C0-594613FAEE6B} = {9C4FBDCD-5CE2-4531-A7C0-594613FAEE6B}
		{FCEB20D5-822B-4605-BB6F-5AAE193AD152} = {FCEB20D5-822B-4605-BB6F-5AAE193AD152}
		{B29C1CDC-BD37-4017-BF87-7B63D391E1F7} = {B29C1CDC-BD37-4017-BF87-7B63D391E1F7}
		{C3BC0BE3-F873-42E9-BD57-89ED23BAF02D} = {C3BC0BE3-F873-42E9-BD57-89ED23BAF02D}
		{346A70F2-41AA-4DC7-9E6D-23B62176DC4F} = {346A70F2-41AA-4DC7-9E6D-23B62176DC4F}
	EndProjectSection
EndProject
Project("{8BC9CEB8-8B4A-11D0-8D11-00A0C91BC942}") = "RegSpy", "..\RegSpy\RegSpy.vcproj", "{A854F094-3DCC-4B63-BA74-11AF953AB9FA}"
	ProjectSection(ProjectDependencies) = postProject
	EndProjectSection
EndProject
Project("{8BC9CEB8-8B4A-11D0-8D11-00A0C91BC942}") = "SendMsg", "..\SendMsg\SendMsg.vcproj", "{CA11128F-D860-4252-A75D-6BDF95B66831}"
	ProjectSection(ProjectDependencies) = postProject
	EndProjectSection
EndProject
Project("{8BC9CEB8-8B4A-11D0-8D11-00A0C91BC942}") = "Verinc", "..\Verinc\Verinc.vcproj", "{B5F1BF2A-9619-4610-BE74-69D985FF10E6}"
	ProjectSection(ProjectDependencies) = postProject
	EndProjectSection
EndProject
Global
	GlobalSection(SolutionConfiguration) = preSolution
		Debug = Debug
		Release = Release
	EndGlobalSection
	GlobalSection(ProjectConfiguration) = postSolution
		{454FB767-448C-4F85-9830-2906FE5F4C7A}.Debug.ActiveCfg = Debug|Win32
		{454FB767-448C-4F85-9830-2906FE5F4C7A}.Debug.Build.0 = Debug|Win32
		{454FB767-448C-4F85-9830-2906FE5F4C7A}.Release.ActiveCfg = Release|Win32
		{454FB767-448C-4F85-9830-2906FE5F4C7A}.Release.Build.0 = Release|Win32
		{2F9AF3C5-AEA3-4EEA-A4CF-9D4B825AF51F}.Debug.ActiveCfg = Debug|Win32
		{2F9AF3C5-AEA3-4EEA-A4CF-9D4B825AF51F}.Debug.Build.0 = Debug|Win32
		{2F9AF3C5-AEA3-4EEA-A4CF-9D4B825AF51F}.Release.ActiveCfg = Release|Win32
		{2F9AF3C5-AEA3-4EEA-A4CF-9D4B825AF51F}.Release.Build.0 = Release|Win32
		{EAD803A2-490A-4428-9DDF-17956F1F1C66}.Debug.ActiveCfg = Debug|Win32
		{EAD803A2-490A-4428-9DDF-17956F1F1C66}.Debug.Build.0 = Debug|Win32
		{EAD803A2-490A-4428-9DDF-17956F1F1C66}.Release.ActiveCfg = Release|Win32
		{EAD803A2-490A-4428-9DDF-17956F1F1C66}.Release.Build.0 = Release|Win32
		{8F886664-F7B6-4444-ACF9-3E567D86115E}.Debug.ActiveCfg = Debug|Win32
		{8F886664-F7B6-4444-ACF9-3E567D86115E}.Debug.Build.0 = Debug|Win32
		{8F886664-F7B6-4444-ACF9-3E567D86115E}.Release.ActiveCfg = Release|Win32
		{8F886664-F7B6-4444-ACF9-3E567D86115E}.Release.Build.0 = Release|Win32
		{0EA8DA54-B54A-4532-AAFB-B408D0B47841}.Debug.ActiveCfg = Debug|Win32
		{0EA8DA54-B54A-4532-AAFB-B408D0B47841}.Debug.Build.0 = Debug|Win32
		{0EA8DA54-B54A-4532-AAFB-B408D0B47841}.Release.ActiveCfg = Release|Win32
		{0EA8DA54-B54A-4532-AAFB-B408D0B47841}.Release.Build.0 = Release|Win32
		{E87D1F65-7BA7-41DB-88AC-F67CE7A6C99A}.Debug.ActiveCfg = Debug|Win32
		{E87D1F65-7BA7-41DB-88AC-F67CE7A6C99A}.Debug.Build.0 = Debug|Win32
		{E87D1F65-7BA7-41DB-88AC-F67CE7A6C99A}.Release.ActiveCfg = Release|Win32
		{E87D1F65-7BA7-41DB-88AC-F67CE7A6C99A}.Release.Build.0 = Release|Win32
		{FCEB20D5-822B-4605-BB6F-5AAE193AD152}.Debug.ActiveCfg = Debug|Win32
		{FCEB20D5-822B-4605-BB6F-5AAE193AD152}.Debug.Build.0 = Debug|Win32
		{FCEB20D5-822B-4605-BB6F-5AAE193AD152}.Release.ActiveCfg = Release|Win32
		{FCEB20D5-822B-4605-BB6F-5AAE193AD152}.Release.Build.0 = Release|Win32
		{9C4FBDCD-5CE2-4531-A7C0-594613FAEE6B}.Debug.ActiveCfg = Debug|Win32
		{9C4FBDCD-5CE2-4531-A7C0-594613FAEE6B}.Debug.Build.0 = Debug|Win32
		{9C4FBDCD-5CE2-4531-A7C0-594613FAEE6B}.Release.ActiveCfg = Release|Win32
		{9C4FBDCD-5CE2-4531-A7C0-594613FAEE6B}.Release.Build.0 = Release|Win32
		{3C6DEBC3-E517-4D15-8506-C8C62E6EED8E}.Debug.ActiveCfg = Debug|Win32
		{3C6DEBC3-E517-4D15-8506-C8C62E6EED8E}.Debug.Build.0 = Debug|Win32
		{3C6DEBC3-E517-4D15-8506-C8C62E6EED8E}.Release.ActiveCfg = Release|Win32
		{3C6DEBC3-E517-4D15-8506-C8C62E6EED8E}.Release.Build.0 = Release|Win32
		{E1F85A2C-71BA-4158-B46D-EDCEC531614E}.Debug.ActiveCfg = Debug|Win32
		{E1F85A2C-71BA-4158-B46D-EDCEC531614E}.Debug.Build.0 = Debug|Win32
		{E1F85A2C-71BA-4158-B46D-EDCEC531614E}.Release.ActiveCfg = Release|Win32
		{E1F85A2C-71BA-4158-B46D-EDCEC531614E}.Release.Build.0 = Release|Win32
		{76EF7E3B-4B8D-41CF-9137-7F79A67CAB90}.Debug.ActiveCfg = Debug|Win32
		{76EF7E3B-4B8D-41CF-9137-7F79A67CAB90}.Debug.Build.0 = Debug|Win32
		{76EF7E3B-4B8D-41CF-9137-7F79A67CAB90}.Release.ActiveCfg = Release|Win32
		{76EF7E3B-4B8D-41CF-9137-7F79A67CAB90}.Release.Build.0 = Release|Win32
		{945DE5B3-50F7-4299-8C37-3DEDC92BECA8}.Debug.ActiveCfg = Debug|Win32
		{945DE5B3-50F7-4299-8C37-3DEDC92BECA8}.Debug.Build.0 = Debug|Win32
		{945DE5B3-50F7-4299-8C37-3DEDC92BECA8}.Release.ActiveCfg = Release|Win32
		{945DE5B3-50F7-4299-8C37-3DEDC92BECA8}.Release.Build.0 = Release|Win32
		{C3BC0BE3-F873-42E9-BD57-89ED23BAF02D}.Debug.ActiveCfg = Debug|Win32
		{C3BC0BE3-F873-42E9-BD57-89ED23BAF02D}.Debug.Build.0 = Debug|Win32
		{C3BC0BE3-F873-42E9-BD57-89ED23BAF02D}.Release.ActiveCfg = Release|Win32
		{C3BC0BE3-F873-42E9-BD57-89ED23BAF02D}.Release.Build.0 = Release|Win32
		{8A80C871-BAEA-48F2-B7B1-45D2A52194ED}.Debug.ActiveCfg = Debug|Win32
		{8A80C871-BAEA-48F2-B7B1-45D2A52194ED}.Debug.Build.0 = Debug|Win32
		{8A80C871-BAEA-48F2-B7B1-45D2A52194ED}.Release.ActiveCfg = Release|Win32
		{8A80C871-BAEA-48F2-B7B1-45D2A52194ED}.Release.Build.0 = Release|Win32
		{71003E3E-2E0E-4C91-8CA6-F00E94CF51D3}.Debug.ActiveCfg = Debug|Win32
		{71003E3E-2E0E-4C91-8CA6-F00E94CF51D3}.Debug.Build.0 = Debug|Win32
		{71003E3E-2E0E-4C91-8CA6-F00E94CF51D3}.Release.ActiveCfg = Release|Win32
		{71003E3E-2E0E-4C91-8CA6-F00E94CF51D3}.Release.Build.0 = Release|Win32
		{E788362B-057B-4FC5-A719-0A50D6CD7640}.Debug.ActiveCfg = Debug|Win32
		{E788362B-057B-4FC5-A719-0A50D6CD7640}.Debug.Build.0 = Debug|Win32
		{E788362B-057B-4FC5-A719-0A50D6CD7640}.Release.ActiveCfg = Release|Win32
		{E788362B-057B-4FC5-A719-0A50D6CD7640}.Release.Build.0 = Release|Win32
		{67222DDF-A530-4584-8270-6DCC9F781BFD}.Debug.ActiveCfg = Debug|Win32
		{67222DDF-A530-4584-8270-6DCC9F781BFD}.Debug.Build.0 = Debug|Win32
		{67222DDF-A530-4584-8270-6DCC9F781BFD}.Release.ActiveCfg = Release|Win32
		{67222DDF-A530-4584-8270-6DCC9F781BFD}.Release.Build.0 = Release|Win32
		{C2EF590F-4085-4786-9361-83FC93CAC63E}.Debug.ActiveCfg = Debug|Win32
		{C2EF590F-4085-4786-9361-83FC93CAC63E}.Debug.Build.0 = Debug|Win32
		{C2EF590F-4085-4786-9361-83FC93CAC63E}.Release.ActiveCfg = Release|Win32
		{C2EF590F-4085-4786-9361-83FC93CAC63E}.Release.Build.0 = Release|Win32
		{20622BFB-4B71-4BE2-9F3A-8381ADD55F04}.Debug.ActiveCfg = Debug|Win32
		{20622BFB-4B71-4BE2-9F3A-8381ADD55F04}.Debug.Build.0 = Debug|Win32
		{20622BFB-4B71-4BE2-9F3A-8381ADD55F04}.Release.ActiveCfg = Release|Win32
		{20622BFB-4B71-4BE2-9F3A-8381ADD55F04}.Release.Build.0 = Release|Win32
		{33B89254-6682-4F79-9BA5-4048D278E48A}.Debug.ActiveCfg = Debug|Win32
		{33B89254-6682-4F79-9BA5-4048D278E48A}.Debug.Build.0 = Debug|Win32
		{33B89254-6682-4F79-9BA5-4048D278E48A}.Release.ActiveCfg = Release|Win32
		{33B89254-6682-4F79-9BA5-4048D278E48A}.Release.Build.0 = Release|Win32
		{A273AE9F-58F2-4476-9016-996C2861A94D}.Debug.ActiveCfg = Debug|Win32
		{A273AE9F-58F2-4476-9016-996C2861A94D}.Debug.Build.0 = Debug|Win32
		{A273AE9F-58F2-4476-9016-996C2861A94D}.Release.ActiveCfg = Release|Win32
		{A273AE9F-58F2-4476-9016-996C2861A94D}.Release.Build.0 = Release|Win32
		{64182EA2-4BE1-473D-87B4-66A220384248}.Debug.ActiveCfg = Debug|Win32
		{64182EA2-4BE1-473D-87B4-66A220384248}.Debug.Build.0 = Debug|Win32
		{64182EA2-4BE1-473D-87B4-66A220384248}.Release.ActiveCfg = Release|Win32
		{64182EA2-4BE1-473D-87B4-66A220384248}.Release.Build.0 = Release|Win32
		{2E72925C-53AC-460A-8D23-8B9713E641F9}.Debug.ActiveCfg = Debug|Win32
		{2E72925C-53AC-460A-8D23-8B9713E641F9}.Debug.Build.0 = Debug|Win32
		{2E72925C-53AC-460A-8D23-8B9713E641F9}.Release.ActiveCfg = Release|Win32
		{2E72925C-53AC-460A-8D23-8B9713E641F9}.Release.Build.0 = Release|Win32
		{47741686-2EC4-4200-9F67-CB4247096AE5}.Debug.ActiveCfg = Debug|Win32
		{47741686-2EC4-4200-9F67-CB4247096AE5}.Debug.Build.0 = Debug|Win32
		{47741686-2EC4-4200-9F67-CB4247096AE5}.Release.ActiveCfg = Release|Win32
		{47741686-2EC4-4200-9F67-CB4247096AE5}.Release.Build.0 = Release|Win32
		{3573FC9A-52F5-4FEB-80C0-6F95EB3ABD61}.Debug.ActiveCfg = Debug|Win32
		{3573FC9A-52F5-4FEB-80C0-6F95EB3ABD61}.Debug.Build.0 = Debug|Win32
		{3573FC9A-52F5-4FEB-80C0-6F95EB3ABD61}.Release.ActiveCfg = Release|Win32
		{3573FC9A-52F5-4FEB-80C0-6F95EB3ABD61}.Release.Build.0 = Release|Win32
		{0A1BDB48-810A-4105-ABBC-28333AD3097C}.Debug.ActiveCfg = Debug|Win32
		{0A1BDB48-810A-4105-ABBC-28333AD3097C}.Debug.Build.0 = Debug|Win32
		{0A1BDB48-810A-4105-ABBC-28333AD3097C}.Release.ActiveCfg = Release|Win32
		{0A1BDB48-810A-4105-ABBC-28333AD3097C}.Release.Build.0 = Release|Win32
		{8A910216-D2FF-422B-894B-6427C2E84502}.Debug.ActiveCfg = Debug|Win32
		{8A910216-D2FF-422B-894B-6427C2E84502}.Debug.Build.0 = Debug|Win32
		{8A910216-D2FF-422B-894B-6427C2E84502}.Release.ActiveCfg = Release|Win32
		{8A910216-D2FF-422B-894B-6427C2E84502}.Release.Build.0 = Release|Win32
		{346A70F2-41AA-4DC7-9E6D-23B62176DC4F}.Debug.ActiveCfg = Debug|Win32
		{346A70F2-41AA-4DC7-9E6D-23B62176DC4F}.Debug.Build.0 = Debug|Win32
		{346A70F2-41AA-4DC7-9E6D-23B62176DC4F}.Release.ActiveCfg = Release|Win32
		{346A70F2-41AA-4DC7-9E6D-23B62176DC4F}.Release.Build.0 = Release|Win32
		{B79E6718-4A3B-4B63-9AF9-34EB3B4B6D5D}.Debug.ActiveCfg = Debug|Win32
		{B79E6718-4A3B-4B63-9AF9-34EB3B4B6D5D}.Debug.Build.0 = Debug|Win32
		{B79E6718-4A3B-4B63-9AF9-34EB3B4B6D5D}.Release.ActiveCfg = Release|Win32
		{B79E6718-4A3B-4B63-9AF9-34EB3B4B6D5D}.Release.Build.0 = Release|Win32
		{5EDAFB73-90A7-4080-AD70-00098AC4AC82}.Debug.ActiveCfg = Debug|Win32
		{5EDAFB73-90A7-4080-AD70-00098AC4AC82}.Debug.Build.0 = Debug|Win32
		{5EDAFB73-90A7-4080-AD70-00098AC4AC82}.Release.ActiveCfg = Release|Win32
		{5EDAFB73-90A7-4080-AD70-00098AC4AC82}.Release.Build.0 = Release|Win32
		{57EF3E41-5127-4A3C-B524-C16CD68C42A9}.Debug.ActiveCfg = Debug|Win32
		{57EF3E41-5127-4A3C-B524-C16CD68C42A9}.Debug.Build.0 = Debug|Win32
		{57EF3E41-5127-4A3C-B524-C16CD68C42A9}.Release.ActiveCfg = Release|Win32
		{57EF3E41-5127-4A3C-B524-C16CD68C42A9}.Release.Build.0 = Release|Win32
		{5581D72F-461A-477A-B3EF-10CDDF145F4E}.Debug.ActiveCfg = Debug|Win32
		{5581D72F-461A-477A-B3EF-10CDDF145F4E}.Debug.Build.0 = Debug|Win32
		{5581D72F-461A-477A-B3EF-10CDDF145F4E}.Release.ActiveCfg = Release|Win32
		{5581D72F-461A-477A-B3EF-10CDDF145F4E}.Release.Build.0 = Release|Win32
		{4B500EA0-BDE1-433C-B74B-06FD1A2DC48D}.Debug.ActiveCfg = Debug|Win32
		{4B500EA0-BDE1-433C-B74B-06FD1A2DC48D}.Debug.Build.0 = Debug|Win32
		{4B500EA0-BDE1-433C-B74B-06FD1A2DC48D}.Release.ActiveCfg = Release|Win32
		{4B500EA0-BDE1-433C-B74B-06FD1A2DC48D}.Release.Build.0 = Release|Win32
		{290BFFBA-1916-4CE7-A828-80EDB3BEDEE6}.Debug.ActiveCfg = Debug|Win32
		{290BFFBA-1916-4CE7-A828-80EDB3BEDEE6}.Debug.Build.0 = Debug|Win32
		{290BFFBA-1916-4CE7-A828-80EDB3BEDEE6}.Release.ActiveCfg = Release|Win32
		{290BFFBA-1916-4CE7-A828-80EDB3BEDEE6}.Release.Build.0 = Release|Win32
		{B29C1CDC-BD37-4017-BF87-7B63D391E1F7}.Debug.ActiveCfg = Debug|Win32
		{B29C1CDC-BD37-4017-BF87-7B63D391E1F7}.Debug.Build.0 = Debug|Win32
		{B29C1CDC-BD37-4017-BF87-7B63D391E1F7}.Release.ActiveCfg = Release|Win32
		{B29C1CDC-BD37-4017-BF87-7B63D391E1F7}.Release.Build.0 = Release|Win32
		{F7DCCC5D-E5C6-49DF-8B01-339D500E5E6C}.Debug.ActiveCfg = Debug|Win32
		{F7DCCC5D-E5C6-49DF-8B01-339D500E5E6C}.Debug.Build.0 = Debug|Win32
		{F7DCCC5D-E5C6-49DF-8B01-339D500E5E6C}.Release.ActiveCfg = Release|Win32
		{F7DCCC5D-E5C6-49DF-8B01-339D500E5E6C}.Release.Build.0 = Release|Win32
		{8767E8F7-B4E6-4CAF-94D5-989BD734EEE4}.Debug.ActiveCfg = Debug|Win32
		{8767E8F7-B4E6-4CAF-94D5-989BD734EEE4}.Debug.Build.0 = Debug|Win32
		{8767E8F7-B4E6-4CAF-94D5-989BD734EEE4}.Release.ActiveCfg = Release|Win32
		{8767E8F7-B4E6-4CAF-94D5-989BD734EEE4}.Release.Build.0 = Release|Win32
		{817F7FA2-97A1-435F-9C2B-9B899C460305}.Debug.ActiveCfg = Debug|Win32
		{817F7FA2-97A1-435F-9C2B-9B899C460305}.Debug.Build.0 = Debug|Win32
		{817F7FA2-97A1-435F-9C2B-9B899C460305}.Release.ActiveCfg = Release|Win32
		{817F7FA2-97A1-435F-9C2B-9B899C460305}.Release.Build.0 = Release|Win32
		{6B322FA6-F4A0-4190-96F7-FBEDAC2D863E}.Debug.ActiveCfg = Debug|Win32
		{6B322FA6-F4A0-4190-96F7-FBEDAC2D863E}.Debug.Build.0 = Debug|Win32
		{6B322FA6-F4A0-4190-96F7-FBEDAC2D863E}.Release.ActiveCfg = Release|Win32
		{6B322FA6-F4A0-4190-96F7-FBEDAC2D863E}.Release.Build.0 = Release|Win32
		{A854F094-3DCC-4B63-BA74-11AF953AB9FA}.Debug.ActiveCfg = Debug|Win32
		{A854F094-3DCC-4B63-BA74-11AF953AB9FA}.Debug.Build.0 = Debug|Win32
		{A854F094-3DCC-4B63-BA74-11AF953AB9FA}.Release.ActiveCfg = Release|Win32
		{A854F094-3DCC-4B63-BA74-11AF953AB9FA}.Release.Build.0 = Release|Win32
		{CA11128F-D860-4252-A75D-6BDF95B66831}.Debug.ActiveCfg = Debug|Win32
		{CA11128F-D860-4252-A75D-6BDF95B66831}.Debug.Build.0 = Debug|Win32
		{CA11128F-D860-4252-A75D-6BDF95B66831}.Release.ActiveCfg = Release|Win32
		{CA11128F-D860-4252-A75D-6BDF95B66831}.Release.Build.0 = Release|Win32
		{B5F1BF2A-9619-4610-BE74-69D985FF10E6}.Debug.ActiveCfg = Debug|Win32
		{B5F1BF2A-9619-4610-BE74-69D985FF10E6}.Debug.Build.0 = Debug|Win32
		{B5F1BF2A-9619-4610-BE74-69D985FF10E6}.Release.ActiveCfg = Release|Win32
		{B5F1BF2A-9619-4610-BE74-69D985FF10E6}.Release.Build.0 = Release|Win32
	EndGlobalSection
	GlobalSection(ExtensibilityGlobals) = postSolution
	EndGlobalSection
	GlobalSection(ExtensibilityAddIns) = postSolution
	EndGlobalSection
EndGlobal
